
Microsoft Visual Studio Solution File, Format Version 12.00
# Visual Studio Version 17
VisualStudioVersion = 17.2.32602.215
MinimumVisualStudioVersion = 10.0.40219.1
Project("{2150E333-8FDC-42A3-9474-1A3956D46DE8}") = "TUSO.Application", "TUSO.Application", "{E598F60F-8842-44AD-B888-4C17679C9279}"
EndProject
Project("{2150E333-8FDC-42A3-9474-1A3956D46DE8}") = "TUSO.Business", "TUSO.Business", "{C9D554C4-5A62-47EC-9F4E-87CE6228A76E}"
EndProject
Project("{2150E333-8FDC-42A3-9474-1A3956D46DE8}") = "TUSO.Data", "TUSO.Data", "{87F18B73-F7EE-4786-9134-40450A8BBB1A}"
EndProject
Project("{9A19103F-16F7-4668-BE54-9A1E7A4F7556}") = "TUSO.Api", "TUSO.Api\TUSO.Api.csproj", "{ABDDA998-32A3-411B-BE7F-3CDAF66DE213}"
EndProject
Project("{9A19103F-16F7-4668-BE54-9A1E7A4F7556}") = "TUSO.Domain", "Domain\TUSO.Domain.csproj", "{F1FBCA98-30BB-4AD6-BC1A-441062525D18}"
EndProject
Project("{9A19103F-16F7-4668-BE54-9A1E7A4F7556}") = "TUSO.Infrastructure", "TUSO.Infractructure\TUSO.Infrastructure.csproj", "{8FAAEBFE-8741-4806-B9E4-C268C3642823}"
EndProject
Project("{9A19103F-16F7-4668-BE54-9A1E7A4F7556}") = "TUSO.Infrastructure.SqlServer", "TUSO.Infrastructure.SqlServer\TUSO.Infrastructure.SqlServer.csproj", "{19196478-3329-44D1-A3ED-0B3B6C2B4B1C}"
EndProject
Project("{9A19103F-16F7-4668-BE54-9A1E7A4F7556}") = "TUSO.Utilities", "TUSO.Utilities\TUSO.Utilities.csproj", "{D887D490-E84C-4C51-92E8-B9E0C8C03771}"
EndProject
Project("{2150E333-8FDC-42A3-9474-1A3956D46DE8}") = "TUSO.Helper", "TUSO.Helper", "{70ED6BE1-9FCE-403F-A91A-E44E18685B95}"
EndProject
Project("{9A19103F-16F7-4668-BE54-9A1E7A4F7556}") = "TUSO.Web", "TUSO.Web\TUSO.Web.csproj", "{F2755C0E-5B32-469F-B5B2-D97F7E2D8C56}"
EndProject
Project("{9A19103F-16F7-4668-BE54-9A1E7A4F7556}") = "TUSO.Portal", "TUSO.Portal\TUSO.Portal.csproj", "{143DCEBA-A28E-4CFF-804F-24DCCE12D696}"
EndProject
Project("{2150E333-8FDC-42A3-9474-1A3956D46DE8}") = "Solution Items", "Solution Items", "{EAF0E9A1-8280-47EC-ACA3-6A637844B107}"
EndProject
Global
	GlobalSection(SolutionConfigurationPlatforms) = preSolution
		Debug|Any CPU = Debug|Any CPU
		Release|Any CPU = Release|Any CPU
	EndGlobalSection
	GlobalSection(ProjectConfigurationPlatforms) = postSolution
		{ABDDA998-32A3-411B-BE7F-3CDAF66DE213}.Debug|Any CPU.ActiveCfg = Debug|Any CPU
		{ABDDA998-32A3-411B-BE7F-3CDAF66DE213}.Debug|Any CPU.Build.0 = Debug|Any CPU
		{ABDDA998-32A3-411B-BE7F-3CDAF66DE213}.Release|Any CPU.ActiveCfg = Release|Any CPU
		{ABDDA998-32A3-411B-BE7F-3CDAF66DE213}.Release|Any CPU.Build.0 = Release|Any CPU
		{F1FBCA98-30BB-4AD6-BC1A-441062525D18}.Debug|Any CPU.ActiveCfg = Debug|Any CPU
		{F1FBCA98-30BB-4AD6-BC1A-441062525D18}.Debug|Any CPU.Build.0 = Debug|Any CPU
		{F1FBCA98-30BB-4AD6-BC1A-441062525D18}.Release|Any CPU.ActiveCfg = Release|Any CPU
		{F1FBCA98-30BB-4AD6-BC1A-441062525D18}.Release|Any CPU.Build.0 = Release|Any CPU
		{8FAAEBFE-8741-4806-B9E4-C268C3642823}.Debug|Any CPU.ActiveCfg = Debug|Any CPU
		{8FAAEBFE-8741-4806-B9E4-C268C3642823}.Debug|Any CPU.Build.0 = Debug|Any CPU
		{8FAAEBFE-8741-4806-B9E4-C268C3642823}.Release|Any CPU.ActiveCfg = Release|Any CPU
		{8FAAEBFE-8741-4806-B9E4-C268C3642823}.Release|Any CPU.Build.0 = Release|Any CPU
		{19196478-3329-44D1-A3ED-0B3B6C2B4B1C}.Debug|Any CPU.ActiveCfg = Debug|Any CPU
		{19196478-3329-44D1-A3ED-0B3B6C2B4B1C}.Debug|Any CPU.Build.0 = Debug|Any CPU
		{19196478-3329-44D1-A3ED-0B3B6C2B4B1C}.Release|Any CPU.ActiveCfg = Release|Any CPU
		{19196478-3329-44D1-A3ED-0B3B6C2B4B1C}.Release|Any CPU.Build.0 = Release|Any CPU
		{D887D490-E84C-4C51-92E8-B9E0C8C03771}.Debug|Any CPU.ActiveCfg = Debug|Any CPU
		{D887D490-E84C-4C51-92E8-B9E0C8C03771}.Debug|Any CPU.Build.0 = Debug|Any CPU
		{D887D490-E84C-4C51-92E8-B9E0C8C03771}.Release|Any CPU.ActiveCfg = Release|Any CPU
		{D887D490-E84C-4C51-92E8-B9E0C8C03771}.Release|Any CPU.Build.0 = Release|Any CPU
		{F2755C0E-5B32-469F-B5B2-D97F7E2D8C56}.Debug|Any CPU.ActiveCfg = Debug|Any CPU
		{F2755C0E-5B32-469F-B5B2-D97F7E2D8C56}.Debug|Any CPU.Build.0 = Debug|Any CPU
		{F2755C0E-5B32-469F-B5B2-D97F7E2D8C56}.Release|Any CPU.ActiveCfg = Release|Any CPU
		{F2755C0E-5B32-469F-B5B2-D97F7E2D8C56}.Release|Any CPU.Build.0 = Release|Any CPU
		{143DCEBA-A28E-4CFF-804F-24DCCE12D696}.Debug|Any CPU.ActiveCfg = Debug|Any CPU
		{143DCEBA-A28E-4CFF-804F-24DCCE12D696}.Debug|Any CPU.Build.0 = Debug|Any CPU
		{143DCEBA-A28E-4CFF-804F-24DCCE12D696}.Release|Any CPU.ActiveCfg = Release|Any CPU
		{143DCEBA-A28E-4CFF-804F-24DCCE12D696}.Release|Any CPU.Build.0 = Release|Any CPU
	EndGlobalSection
	GlobalSection(SolutionProperties) = preSolution
		HideSolutionNode = FALSE
	EndGlobalSection
	GlobalSection(NestedProjects) = preSolution
		{ABDDA998-32A3-411B-BE7F-3CDAF66DE213} = {C9D554C4-5A62-47EC-9F4E-87CE6228A76E}
		{F1FBCA98-30BB-4AD6-BC1A-441062525D18} = {C9D554C4-5A62-47EC-9F4E-87CE6228A76E}
		{8FAAEBFE-8741-4806-B9E4-C268C3642823} = {87F18B73-F7EE-4786-9134-40450A8BBB1A}
		{19196478-3329-44D1-A3ED-0B3B6C2B4B1C} = {87F18B73-F7EE-4786-9134-40450A8BBB1A}
		{D887D490-E84C-4C51-92E8-B9E0C8C03771} = {70ED6BE1-9FCE-403F-A91A-E44E18685B95}
		{F2755C0E-5B32-469F-B5B2-D97F7E2D8C56} = {E598F60F-8842-44AD-B888-4C17679C9279}
		{143DCEBA-A28E-4CFF-804F-24DCCE12D696} = {E598F60F-8842-44AD-B888-4C17679C9279}
	EndGlobalSection
	GlobalSection(ExtensibilityGlobals) = postSolution
		SolutionGuid = {1536A3B5-CCFA-4743-A4C6-BE68B21977B1}
	EndGlobalSection
EndGlobal
